{
  "pins" : [
    {
      "identity" : "certificatesigningrequest",
      "kind" : "remoteSourceControl",
      "location" : "https://github.com/cbaker6/CertificateSigningRequest.git",
      "state" : {
        "revision" : "457627f8ff57a721851ee14cc552d529c37c8329",
        "version" : "1.30.0"
      }
    }
  ],
  "version" : 2
}
