// !$*UTF8*$!
{
	archiveVersion = 1;
	classes = {
	};
	objectVersion = 56;
	objects = {

/* Begin PBXBuildFile section */
		4F1C52732A8E9C1D00EFBCCE /* WelcomePage.swift in Sources */ = {isa = PBXBuildFile; fileRef = 4F1C52722A8E9C1D00EFBCCE /* WelcomePage.swift */; };
		4F1C52752A8EA08100EFBCCE /* NamePage.swift in Sources */ = {isa = PBXBuildFile; fileRef = 4F1C52742A8EA08100EFBCCE /* NamePage.swift */; };
		4F1C52772A8EA70500EFBCCE /* ConfirmName.swift in Sources */ = {isa = PBXBuildFile; fileRef = 4F1C52762A8EA70500EFBCCE /* ConfirmName.swift */; };
		4F3BB1E52A8F560400A6D56F /* CertificateSigningRequest in Frameworks */ = {isa = PBXBuildFile; productRef = 4F3BB1E42A8F560400A6D56F /* CertificateSigningRequest */; };
		4F41F32D2A97B55A00121926 /* ISO8601DateFormatter+Exts.swift in Sources */ = {isa = PBXBuildFile; fileRef = 4F41F32C2A97B55A00121926 /* ISO8601DateFormatter+Exts.swift */; };
		4F41F32F2A97B7FD00121926 /* DRFJSONCoder.swift in Sources */ = {isa = PBXBuildFile; fileRef = 4F41F32E2A97B7FD00121926 /* DRFJSONCoder.swift */; };
		4F41F3312A97E9D500121926 /* ApiCertificate.swift in Sources */ = {isa = PBXBuildFile; fileRef = 4F41F3302A97E9D500121926 /* ApiCertificate.swift */; };
		4F7F7DFD2A9891EA005B06F8 /* X509 in Frameworks */ = {isa = PBXBuildFile; productRef = 4F7F7DFC2A9891EA005B06F8 /* X509 */; };
		4FA424152A8E36C000AFC23A /* appApp.swift in Sources */ = {isa = PBXBuildFile; fileRef = 4FA424142A8E36C000AFC23A /* appApp.swift */; };
		4FA424192A8E36C100AFC23A /* Assets.xcassets in Resources */ = {isa = PBXBuildFile; fileRef = 4FA424182A8E36C100AFC23A /* Assets.xcassets */; };
		4FA4241C2A8E36C100AFC23A /* Preview Assets.xcassets in Resources */ = {isa = PBXBuildFile; fileRef = 4FA4241B2A8E36C100AFC23A /* Preview Assets.xcassets */; };
		4FA424262A8E380F00AFC23A /* ContentView.swift in Sources */ = {isa = PBXBuildFile; fileRef = 4FA424252A8E380F00AFC23A /* ContentView.swift */; };
		4FA424292A8E383700AFC23A /* ChatView.swift in Sources */ = {isa = PBXBuildFile; fileRef = 4FA424282A8E383700AFC23A /* ChatView.swift */; };
		4FA4242C2A8E385400AFC23A /* ChatMessageRow.swift in Sources */ = {isa = PBXBuildFile; fileRef = 4FA4242B2A8E385400AFC23A /* ChatMessageRow.swift */; };
		4FA4242E2A8E387E00AFC23A /* Character+Exts.swift in Sources */ = {isa = PBXBuildFile; fileRef = 4FA4242D2A8E387E00AFC23A /* Character+Exts.swift */; };
		4FA424302A8E389000AFC23A /* String+Exts.swift in Sources */ = {isa = PBXBuildFile; fileRef = 4FA4242F2A8E389000AFC23A /* String+Exts.swift */; };
		4FA424322A8E38B600AFC23A /* Model.swift in Sources */ = {isa = PBXBuildFile; fileRef = 4FA424312A8E38B600AFC23A /* Model.swift */; };
		4FA424342A8E38C500AFC23A /* Nearby.swift in Sources */ = {isa = PBXBuildFile; fileRef = 4FA424332A8E38C500AFC23A /* Nearby.swift */; };
		4FA424362A8E38DE00AFC23A /* Person.swift in Sources */ = {isa = PBXBuildFile; fileRef = 4FA424352A8E38DE00AFC23A /* Person.swift */; };
		4FA4243B2A8E393C00AFC23A /* CommunityView.swift in Sources */ = {isa = PBXBuildFile; fileRef = 4FA4243A2A8E393C00AFC23A /* CommunityView.swift */; };
		4FA4243E2A8E395500AFC23A /* AroundYouView.swift in Sources */ = {isa = PBXBuildFile; fileRef = 4FA4243D2A8E395400AFC23A /* AroundYouView.swift */; };
		4FA424412A8E396C00AFC23A /* OfficialView.swift in Sources */ = {isa = PBXBuildFile; fileRef = 4FA424402A8E396C00AFC23A /* OfficialView.swift */; };
		4FA424442A8E3AF700AFC23A /* PersonInfoView.swift in Sources */ = {isa = PBXBuildFile; fileRef = 4FA424432A8E3AF700AFC23A /* PersonInfoView.swift */; };
		4FA424462A8E3B1900AFC23A /* TextFieldStyles.swift in Sources */ = {isa = PBXBuildFile; fileRef = 4FA424452A8E3B1900AFC23A /* TextFieldStyles.swift */; };
		4FA424492A8E3EB300AFC23A /* SettingsView.swift in Sources */ = {isa = PBXBuildFile; fileRef = 4FA424482A8E3EB300AFC23A /* SettingsView.swift */; };
		4FA4244C2A8E425000AFC23A /* SetupView.swift in Sources */ = {isa = PBXBuildFile; fileRef = 4FA4244B2A8E425000AFC23A /* SetupView.swift */; };
		4FC5F6372A8F8891002A6001 /* GetCertificate.swift in Sources */ = {isa = PBXBuildFile; fileRef = 4FC5F6362A8F8891002A6001 /* GetCertificate.swift */; };
		4FC5F6392A8F9857002A6001 /* ShowCertificate.swift in Sources */ = {isa = PBXBuildFile; fileRef = 4FC5F6382A8F9857002A6001 /* ShowCertificate.swift */; };
		4FC74B422A8EB6FA00750FAA /* GenerateKeyPage.swift in Sources */ = {isa = PBXBuildFile; fileRef = 4FC74B412A8EB6FA00750FAA /* GenerateKeyPage.swift */; };
		4FD673F02A962650001AE9D3 /* splitName.swift in Sources */ = {isa = PBXBuildFile; fileRef = 4FD673EF2A962650001AE9D3 /* splitName.swift */; };
		4FD673F22A96274B001AE9D3 /* networkRequest.swift in Sources */ = {isa = PBXBuildFile; fileRef = 4FD673F12A96274B001AE9D3 /* networkRequest.swift */; };
		4FD673F42A962B8F001AE9D3 /* ApiApplicationUser.swift in Sources */ = {isa = PBXBuildFile; fileRef = 4FD673F32A962B8F001AE9D3 /* ApiApplicationUser.swift */; };
		4FD673F62A963071001AE9D3 /* ApiCSR.swift in Sources */ = {isa = PBXBuildFile; fileRef = 4FD673F52A963071001AE9D3 /* ApiCSR.swift */; };
/* End PBXBuildFile section */

/* Begin PBXFileReference section */
		4F1C52722A8E9C1D00EFBCCE /* WelcomePage.swift */ = {isa = PBXFileReference; lastKnownFileType = sourcecode.swift; path = WelcomePage.swift; sourceTree = "<group>"; };
		4F1C52742A8EA08100EFBCCE /* NamePage.swift */ = {isa = PBXFileReference; lastKnownFileType = sourcecode.swift; path = NamePage.swift; sourceTree = "<group>"; };
		4F1C52762A8EA70500EFBCCE /* ConfirmName.swift */ = {isa = PBXFileReference; lastKnownFileType = sourcecode.swift; path = ConfirmName.swift; sourceTree = "<group>"; };
		4F41F32C2A97B55A00121926 /* ISO8601DateFormatter+Exts.swift */ = {isa = PBXFileReference; lastKnownFileType = sourcecode.swift; path = "ISO8601DateFormatter+Exts.swift"; sourceTree = "<group>"; };
		4F41F32E2A97B7FD00121926 /* DRFJSONCoder.swift */ = {isa = PBXFileReference; lastKnownFileType = sourcecode.swift; path = DRFJSONCoder.swift; sourceTree = "<group>"; };
		4F41F3302A97E9D500121926 /* ApiCertificate.swift */ = {isa = PBXFileReference; lastKnownFileType = sourcecode.swift; path = ApiCertificate.swift; sourceTree = "<group>"; };
		4FA424112A8E36C000AFC23A /* app.app */ = {isa = PBXFileReference; explicitFileType = wrapper.application; includeInIndex = 0; path = app.app; sourceTree = BUILT_PRODUCTS_DIR; };
		4FA424142A8E36C000AFC23A /* appApp.swift */ = {isa = PBXFileReference; lastKnownFileType = sourcecode.swift; path = appApp.swift; sourceTree = "<group>"; };
		4FA424182A8E36C100AFC23A /* Assets.xcassets */ = {isa = PBXFileReference; lastKnownFileType = folder.assetcatalog; path = Assets.xcassets; sourceTree = "<group>"; };
		4FA4241B2A8E36C100AFC23A /* Preview Assets.xcassets */ = {isa = PBXFileReference; lastKnownFileType = folder.assetcatalog; path = "Preview Assets.xcassets"; sourceTree = "<group>"; };
		4FA424252A8E380F00AFC23A /* ContentView.swift */ = {isa = PBXFileReference; lastKnownFileType = sourcecode.swift; path = ContentView.swift; sourceTree = "<group>"; };
		4FA424282A8E383700AFC23A /* ChatView.swift */ = {isa = PBXFileReference; lastKnownFileType = sourcecode.swift; path = ChatView.swift; sourceTree = "<group>"; };
		4FA4242B2A8E385400AFC23A /* ChatMessageRow.swift */ = {isa = PBXFileReference; lastKnownFileType = sourcecode.swift; path = ChatMessageRow.swift; sourceTree = "<group>"; };
		4FA4242D2A8E387E00AFC23A /* Character+Exts.swift */ = {isa = PBXFileReference; lastKnownFileType = sourcecode.swift; path = "Character+Exts.swift"; sourceTree = "<group>"; };
		4FA4242F2A8E389000AFC23A /* String+Exts.swift */ = {isa = PBXFileReference; lastKnownFileType = sourcecode.swift; path = "String+Exts.swift"; sourceTree = "<group>"; };
		4FA424312A8E38B600AFC23A /* Model.swift */ = {isa = PBXFileReference; lastKnownFileType = sourcecode.swift; path = Model.swift; sourceTree = "<group>"; };
		4FA424332A8E38C500AFC23A /* Nearby.swift */ = {isa = PBXFileReference; lastKnownFileType = sourcecode.swift; path = Nearby.swift; sourceTree = "<group>"; };
		4FA424352A8E38DE00AFC23A /* Person.swift */ = {isa = PBXFileReference; lastKnownFileType = sourcecode.swift; path = Person.swift; sourceTree = "<group>"; };
		4FA4243A2A8E393C00AFC23A /* CommunityView.swift */ = {isa = PBXFileReference; lastKnownFileType = sourcecode.swift; path = CommunityView.swift; sourceTree = "<group>"; };
		4FA4243D2A8E395400AFC23A /* AroundYouView.swift */ = {isa = PBXFileReference; lastKnownFileType = sourcecode.swift; path = AroundYouView.swift; sourceTree = "<group>"; };
		4FA424402A8E396C00AFC23A /* OfficialView.swift */ = {isa = PBXFileReference; lastKnownFileType = sourcecode.swift; path = OfficialView.swift; sourceTree = "<group>"; };
		4FA424432A8E3AF700AFC23A /* PersonInfoView.swift */ = {isa = PBXFileReference; lastKnownFileType = sourcecode.swift; path = PersonInfoView.swift; sourceTree = "<group>"; };
		4FA424452A8E3B1900AFC23A /* TextFieldStyles.swift */ = {isa = PBXFileReference; lastKnownFileType = sourcecode.swift; path = TextFieldStyles.swift; sourceTree = "<group>"; };
		4FA424482A8E3EB300AFC23A /* SettingsView.swift */ = {isa = PBXFileReference; lastKnownFileType = sourcecode.swift; path = SettingsView.swift; sourceTree = "<group>"; };
		4FA4244B2A8E425000AFC23A /* SetupView.swift */ = {isa = PBXFileReference; lastKnownFileType = sourcecode.swift; path = SetupView.swift; sourceTree = "<group>"; };
		4FC5F6362A8F8891002A6001 /* GetCertificate.swift */ = {isa = PBXFileReference; lastKnownFileType = sourcecode.swift; path = GetCertificate.swift; sourceTree = "<group>"; };
		4FC5F6382A8F9857002A6001 /* ShowCertificate.swift */ = {isa = PBXFileReference; lastKnownFileType = sourcecode.swift; path = ShowCertificate.swift; sourceTree = "<group>"; };
		4FC74B412A8EB6FA00750FAA /* GenerateKeyPage.swift */ = {isa = PBXFileReference; lastKnownFileType = sourcecode.swift; path = GenerateKeyPage.swift; sourceTree = "<group>"; };
		4FD673EF2A962650001AE9D3 /* splitName.swift */ = {isa = PBXFileReference; lastKnownFileType = sourcecode.swift; path = splitName.swift; sourceTree = "<group>"; };
		4FD673F12A96274B001AE9D3 /* networkRequest.swift */ = {isa = PBXFileReference; lastKnownFileType = sourcecode.swift; path = networkRequest.swift; sourceTree = "<group>"; };
		4FD673F32A962B8F001AE9D3 /* ApiApplicationUser.swift */ = {isa = PBXFileReference; lastKnownFileType = sourcecode.swift; path = ApiApplicationUser.swift; sourceTree = "<group>"; };
		4FD673F52A963071001AE9D3 /* ApiCSR.swift */ = {isa = PBXFileReference; lastKnownFileType = sourcecode.swift; path = ApiCSR.swift; sourceTree = "<group>"; };
/* End PBXFileReference section */

/* Begin PBXFrameworksBuildPhase section */
		4FA4240E2A8E36C000AFC23A /* Frameworks */ = {
			isa = PBXFrameworksBuildPhase;
			buildActionMask = 2147483647;
			files = (
				4F7F7DFD2A9891EA005B06F8 /* X509 in Frameworks */,
				4F3BB1E52A8F560400A6D56F /* CertificateSigningRequest in Frameworks */,
			);
			runOnlyForDeploymentPostprocessing = 0;
		};
/* End PBXFrameworksBuildPhase section */

/* Begin PBXGroup section */
		4FA424082A8E36C000AFC23A = {
			isa = PBXGroup;
			children = (
				4FA424132A8E36C000AFC23A /* app */,
				4FA424122A8E36C000AFC23A /* Products */,
			);
			sourceTree = "<group>";
		};
		4FA424122A8E36C000AFC23A /* Products */ = {
			isa = PBXGroup;
			children = (
				4FA424112A8E36C000AFC23A /* app.app */,
			);
			name = Products;
			sourceTree = "<group>";
		};
		4FA424132A8E36C000AFC23A /* app */ = {
			isa = PBXGroup;
			children = (
				4FD673EE2A962641001AE9D3 /* lib */,
				4FA424242A8E37E700AFC23A /* Views */,
				4FA424232A8E37B700AFC23A /* Extensions */,
				4FA424222A8E36EC00AFC23A /* Model */,
				4FA424142A8E36C000AFC23A /* appApp.swift */,
				4FA424182A8E36C100AFC23A /* Assets.xcassets */,
				4FA4241A2A8E36C100AFC23A /* Preview Content */,
			);
			path = app;
			sourceTree = "<group>";
		};
		4FA4241A2A8E36C100AFC23A /* Preview Content */ = {
			isa = PBXGroup;
			children = (
				4FA4241B2A8E36C100AFC23A /* Preview Assets.xcassets */,
			);
			path = "Preview Content";
			sourceTree = "<group>";
		};
		4FA424222A8E36EC00AFC23A /* Model */ = {
			isa = PBXGroup;
			children = (
				4FA424312A8E38B600AFC23A /* Model.swift */,
				4FA424332A8E38C500AFC23A /* Nearby.swift */,
				4FA424352A8E38DE00AFC23A /* Person.swift */,
			);
			path = Model;
			sourceTree = "<group>";
		};
		4FA424232A8E37B700AFC23A /* Extensions */ = {
			isa = PBXGroup;
			children = (
				4FA4242D2A8E387E00AFC23A /* Character+Exts.swift */,
				4FA4242F2A8E389000AFC23A /* String+Exts.swift */,
				4F41F32C2A97B55A00121926 /* ISO8601DateFormatter+Exts.swift */,
			);
			path = Extensions;
			sourceTree = "<group>";
		};
		4FA424242A8E37E700AFC23A /* Views */ = {
			isa = PBXGroup;
			children = (
				4FA4244A2A8E424300AFC23A /* Setup */,
				4FA424472A8E3E9F00AFC23A /* Settings */,
				4FA424422A8E399F00AFC23A /* PersonInfo */,
				4FA4243F2A8E395F00AFC23A /* Official */,
				4FA4243C2A8E394A00AFC23A /* AroundYou */,
				4FA424372A8E391D00AFC23A /* Community */,
				4FA424272A8E382400AFC23A /* Chat */,
				4FA424252A8E380F00AFC23A /* ContentView.swift */,
				4FA424452A8E3B1900AFC23A /* TextFieldStyles.swift */,
			);
			path = Views;
			sourceTree = "<group>";
		};
		4FA424272A8E382400AFC23A /* Chat */ = {
			isa = PBXGroup;
			children = (
				4FA4242A2A8E384200AFC23A /* MessageRow */,
				4FA424282A8E383700AFC23A /* ChatView.swift */,
			);
			path = Chat;
			sourceTree = "<group>";
		};
		4FA4242A2A8E384200AFC23A /* MessageRow */ = {
			isa = PBXGroup;
			children = (
				4FA4242B2A8E385400AFC23A /* ChatMessageRow.swift */,
			);
			path = MessageRow;
			sourceTree = "<group>";
		};
		4FA424372A8E391D00AFC23A /* Community */ = {
			isa = PBXGroup;
			children = (
				4FA4243A2A8E393C00AFC23A /* CommunityView.swift */,
			);
			path = Community;
			sourceTree = "<group>";
		};
		4FA4243C2A8E394A00AFC23A /* AroundYou */ = {
			isa = PBXGroup;
			children = (
				4FA4243D2A8E395400AFC23A /* AroundYouView.swift */,
			);
			path = AroundYou;
			sourceTree = "<group>";
		};
		4FA4243F2A8E395F00AFC23A /* Official */ = {
			isa = PBXGroup;
			children = (
				4FA424402A8E396C00AFC23A /* OfficialView.swift */,
			);
			path = Official;
			sourceTree = "<group>";
		};
		4FA424422A8E399F00AFC23A /* PersonInfo */ = {
			isa = PBXGroup;
			children = (
				4FA424432A8E3AF700AFC23A /* PersonInfoView.swift */,
			);
			path = PersonInfo;
			sourceTree = "<group>";
		};
		4FA424472A8E3E9F00AFC23A /* Settings */ = {
			isa = PBXGroup;
			children = (
				4FA424482A8E3EB300AFC23A /* SettingsView.swift */,
			);
			path = Settings;
			sourceTree = "<group>";
		};
		4FA4244A2A8E424300AFC23A /* Setup */ = {
			isa = PBXGroup;
			children = (
				4FA4244B2A8E425000AFC23A /* SetupView.swift */,
				4F1C52722A8E9C1D00EFBCCE /* WelcomePage.swift */,
				4F1C52742A8EA08100EFBCCE /* NamePage.swift */,
				4F1C52762A8EA70500EFBCCE /* ConfirmName.swift */,
				4FC74B412A8EB6FA00750FAA /* GenerateKeyPage.swift */,
				4FC5F6362A8F8891002A6001 /* GetCertificate.swift */,
				4FC5F6382A8F9857002A6001 /* ShowCertificate.swift */,
			);
			path = Setup;
			sourceTree = "<group>";
		};
		4FD673EE2A962641001AE9D3 /* lib */ = {
			isa = PBXGroup;
			children = (
				4FD673EF2A962650001AE9D3 /* splitName.swift */,
				4FD673F12A96274B001AE9D3 /* networkRequest.swift */,
				4FD673F32A962B8F001AE9D3 /* ApiApplicationUser.swift */,
				4FD673F52A963071001AE9D3 /* ApiCSR.swift */,
				4F41F32E2A97B7FD00121926 /* DRFJSONCoder.swift */,
				4F41F3302A97E9D500121926 /* ApiCertificate.swift */,
			);
			path = lib;
			sourceTree = "<group>";
		};
/* End PBXGroup section */

/* Begin PBXNativeTarget section */
		4FA424102A8E36C000AFC23A /* app */ = {
			isa = PBXNativeTarget;
			buildConfigurationList = 4FA4241F2A8E36C100AFC23A /* Build configuration list for PBXNativeTarget "app" */;
			buildPhases = (
				4FA4240D2A8E36C000AFC23A /* Sources */,
				4FA4240E2A8E36C000AFC23A /* Frameworks */,
				4FA4240F2A8E36C000AFC23A /* Resources */,
			);
			buildRules = (
			);
			dependencies = (
			);
			name = app;
			packageProductDependencies = (
				4F3BB1E42A8F560400A6D56F /* CertificateSigningRequest */,
				4F7F7DFC2A9891EA005B06F8 /* X509 */,
			);
			productName = app;
			productReference = 4FA424112A8E36C000AFC23A /* app.app */;
			productType = "com.apple.product-type.application";
		};
/* End PBXNativeTarget section */

/* Begin PBXProject section */
		4FA424092A8E36C000AFC23A /* Project object */ = {
			isa = PBXProject;
			attributes = {
				BuildIndependentTargetsInParallel = 1;
				LastSwiftUpdateCheck = 1430;
				LastUpgradeCheck = 1430;
				TargetAttributes = {
					4FA424102A8E36C000AFC23A = {
						CreatedOnToolsVersion = 14.3.1;
					};
				};
			};
			buildConfigurationList = 4FA4240C2A8E36C000AFC23A /* Build configuration list for PBXProject "app" */;
			compatibilityVersion = "Xcode 14.0";
			developmentRegion = en;
			hasScannedForEncodings = 0;
			knownRegions = (
				en,
				Base,
			);
			mainGroup = 4FA424082A8E36C000AFC23A;
			packageReferences = (
				4F3BB1E32A8F560400A6D56F /* XCRemoteSwiftPackageReference "CertificateSigningRequest" */,
				4F7F7DFB2A9891EA005B06F8 /* XCRemoteSwiftPackageReference "swift-certificates" */,
			);
			productRefGroup = 4FA424122A8E36C000AFC23A /* Products */;
			projectDirPath = "";
			projectRoot = "";
			targets = (
				4FA424102A8E36C000AFC23A /* app */,
			);
		};
/* End PBXProject section */

/* Begin PBXResourcesBuildPhase section */
		4FA4240F2A8E36C000AFC23A /* Resources */ = {
			isa = PBXResourcesBuildPhase;
			buildActionMask = 2147483647;
			files = (
				4FA4241C2A8E36C100AFC23A /* Preview Assets.xcassets in Resources */,
				4FA424192A8E36C100AFC23A /* Assets.xcassets in Resources */,
			);
			runOnlyForDeploymentPostprocessing = 0;
		};
/* End PBXResourcesBuildPhase section */

/* Begin PBXSourcesBuildPhase section */
		4FA4240D2A8E36C000AFC23A /* Sources */ = {
			isa = PBXSourcesBuildPhase;
			buildActionMask = 2147483647;
			files = (
				4F41F3312A97E9D500121926 /* ApiCertificate.swift in Sources */,
				4FA424492A8E3EB300AFC23A /* SettingsView.swift in Sources */,
				4FD673F62A963071001AE9D3 /* ApiCSR.swift in Sources */,
				4FA4243E2A8E395500AFC23A /* AroundYouView.swift in Sources */,
				4FC74B422A8EB6FA00750FAA /* GenerateKeyPage.swift in Sources */,
				4F1C52732A8E9C1D00EFBCCE /* WelcomePage.swift in Sources */,
				4FA424342A8E38C500AFC23A /* Nearby.swift in Sources */,
				4FD673F42A962B8F001AE9D3 /* ApiApplicationUser.swift in Sources */,
				4FA424322A8E38B600AFC23A /* Model.swift in Sources */,
				4F41F32F2A97B7FD00121926 /* DRFJSONCoder.swift in Sources */,
				4FC5F6372A8F8891002A6001 /* GetCertificate.swift in Sources */,
				4FA4242E2A8E387E00AFC23A /* Character+Exts.swift in Sources */,
				4FA4242C2A8E385400AFC23A /* ChatMessageRow.swift in Sources */,
				4FA4244C2A8E425000AFC23A /* SetupView.swift in Sources */,
				4FA424302A8E389000AFC23A /* String+Exts.swift in Sources */,
				4FA424262A8E380F00AFC23A /* ContentView.swift in Sources */,
				4FA424462A8E3B1900AFC23A /* TextFieldStyles.swift in Sources */,
				4FC5F6392A8F9857002A6001 /* ShowCertificate.swift in Sources */,
				4FA424362A8E38DE00AFC23A /* Person.swift in Sources */,
				4FA424292A8E383700AFC23A /* ChatView.swift in Sources */,
				4F1C52752A8EA08100EFBCCE /* NamePage.swift in Sources */,
				4FA424412A8E396C00AFC23A /* OfficialView.swift in Sources */,
				4F41F32D2A97B55A00121926 /* ISO8601DateFormatter+Exts.swift in Sources */,
				4F1C52772A8EA70500EFBCCE /* ConfirmName.swift in Sources */,
				4FA4243B2A8E393C00AFC23A /* CommunityView.swift in Sources */,
				4FA424152A8E36C000AFC23A /* appApp.swift in Sources */,
				4FA424442A8E3AF700AFC23A /* PersonInfoView.swift in Sources */,
				4FD673F22A96274B001AE9D3 /* networkRequest.swift in Sources */,
				4FD673F02A962650001AE9D3 /* splitName.swift in Sources */,
			);
			runOnlyForDeploymentPostprocessing = 0;
		};
/* End PBXSourcesBuildPhase section */

/* Begin XCBuildConfiguration section */
		4FA4241D2A8E36C100AFC23A /* Debug */ = {
			isa = XCBuildConfiguration;
			buildSettings = {
				ALWAYS_SEARCH_USER_PATHS = NO;
				CLANG_ANALYZER_NONNULL = YES;
				CLANG_ANALYZER_NUMBER_OBJECT_CONVERSION = YES_AGGRESSIVE;
				CLANG_CXX_LANGUAGE_STANDARD = "gnu++20";
				CLANG_ENABLE_MODULES = YES;
				CLANG_ENABLE_OBJC_ARC = YES;
				CLANG_ENABLE_OBJC_WEAK = YES;
				CLANG_WARN_BLOCK_CAPTURE_AUTORELEASING = YES;
				CLANG_WARN_BOOL_CONVERSION = YES;
				CLANG_WARN_COMMA = YES;
				CLANG_WARN_CONSTANT_CONVERSION = YES;
				CLANG_WARN_DEPRECATED_OBJC_IMPLEMENTATIONS = YES;
				CLANG_WARN_DIRECT_OBJC_ISA_USAGE = YES_ERROR;
				CLANG_WARN_DOCUMENTATION_COMMENTS = YES;
				CLANG_WARN_EMPTY_BODY = YES;
				CLANG_WARN_ENUM_CONVERSION = YES;
				CLANG_WARN_INFINITE_RECURSION = YES;
				CLANG_WARN_INT_CONVERSION = YES;
				CLANG_WARN_NON_LITERAL_NULL_CONVERSION = YES;
				CLANG_WARN_OBJC_IMPLICIT_RETAIN_SELF = YES;
				CLANG_WARN_OBJC_LITERAL_CONVERSION = YES;
				CLANG_WARN_OBJC_ROOT_CLASS = YES_ERROR;
				CLANG_WARN_QUOTED_INCLUDE_IN_FRAMEWORK_HEADER = YES;
				CLANG_WARN_RANGE_LOOP_ANALYSIS = YES;
				CLANG_WARN_STRICT_PROTOTYPES = YES;
				CLANG_WARN_SUSPICIOUS_MOVE = YES;
				CLANG_WARN_UNGUARDED_AVAILABILITY = YES_AGGRESSIVE;
				CLANG_WARN_UNREACHABLE_CODE = YES;
				CLANG_WARN__DUPLICATE_METHOD_MATCH = YES;
				COPY_PHASE_STRIP = NO;
				DEBUG_INFORMATION_FORMAT = dwarf;
				ENABLE_STRICT_OBJC_MSGSEND = YES;
				ENABLE_TESTABILITY = YES;
				GCC_C_LANGUAGE_STANDARD = gnu11;
				GCC_DYNAMIC_NO_PIC = NO;
				GCC_NO_COMMON_BLOCKS = YES;
				GCC_OPTIMIZATION_LEVEL = 0;
				GCC_PREPROCESSOR_DEFINITIONS = (
					"DEBUG=1",
					"$(inherited)",
				);
				GCC_WARN_64_TO_32_BIT_CONVERSION = YES;
				GCC_WARN_ABOUT_RETURN_TYPE = YES_ERROR;
				GCC_WARN_UNDECLARED_SELECTOR = YES;
				GCC_WARN_UNINITIALIZED_AUTOS = YES_AGGRESSIVE;
				GCC_WARN_UNUSED_FUNCTION = YES;
				GCC_WARN_UNUSED_VARIABLE = YES;
				IPHONEOS_DEPLOYMENT_TARGET = 16.4;
				MTL_ENABLE_DEBUG_INFO = INCLUDE_SOURCE;
				MTL_FAST_MATH = YES;
				ONLY_ACTIVE_ARCH = YES;
				SDKROOT = iphoneos;
				SWIFT_ACTIVE_COMPILATION_CONDITIONS = DEBUG;
				SWIFT_OPTIMIZATION_LEVEL = "-Onone";
			};
			name = Debug;
		};
		4FA4241E2A8E36C100AFC23A /* Release */ = {
			isa = XCBuildConfiguration;
			buildSettings = {
				ALWAYS_SEARCH_USER_PATHS = NO;
				CLANG_ANALYZER_NONNULL = YES;
				CLANG_ANALYZER_NUMBER_OBJECT_CONVERSION = YES_AGGRESSIVE;
				CLANG_CXX_LANGUAGE_STANDARD = "gnu++20";
				CLANG_ENABLE_MODULES = YES;
				CLANG_ENABLE_OBJC_ARC = YES;
				CLANG_ENABLE_OBJC_WEAK = YES;
				CLANG_WARN_BLOCK_CAPTURE_AUTORELEASING = YES;
				CLANG_WARN_BOOL_CONVERSION = YES;
				CLANG_WARN_COMMA = YES;
				CLANG_WARN_CONSTANT_CONVERSION = YES;
				CLANG_WARN_DEPRECATED_OBJC_IMPLEMENTATIONS = YES;
				CLANG_WARN_DIRECT_OBJC_ISA_USAGE = YES_ERROR;
				CLANG_WARN_DOCUMENTATION_COMMENTS = YES;
				CLANG_WARN_EMPTY_BODY = YES;
				CLANG_WARN_ENUM_CONVERSION = YES;
				CLANG_WARN_INFINITE_RECURSION = YES;
				CLANG_WARN_INT_CONVERSION = YES;
				CLANG_WARN_NON_LITERAL_NULL_CONVERSION = YES;
				CLANG_WARN_OBJC_IMPLICIT_RETAIN_SELF = YES;
				CLANG_WARN_OBJC_LITERAL_CONVERSION = YES;
				CLANG_WARN_OBJC_ROOT_CLASS = YES_ERROR;
				CLANG_WARN_QUOTED_INCLUDE_IN_FRAMEWORK_HEADER = YES;
				CLANG_WARN_RANGE_LOOP_ANALYSIS = YES;
				CLANG_WARN_STRICT_PROTOTYPES = YES;
				CLANG_WARN_SUSPICIOUS_MOVE = YES;
				CLANG_WARN_UNGUARDED_AVAILABILITY = YES_AGGRESSIVE;
				CLANG_WARN_UNREACHABLE_CODE = YES;
				CLANG_WARN__DUPLICATE_METHOD_MATCH = YES;
				COPY_PHASE_STRIP = NO;
				DEBUG_INFORMATION_FORMAT = "dwarf-with-dsym";
				ENABLE_NS_ASSERTIONS = NO;
				ENABLE_STRICT_OBJC_MSGSEND = YES;
				GCC_C_LANGUAGE_STANDARD = gnu11;
				GCC_NO_COMMON_BLOCKS = YES;
				GCC_WARN_64_TO_32_BIT_CONVERSION = YES;
				GCC_WARN_ABOUT_RETURN_TYPE = YES_ERROR;
				GCC_WARN_UNDECLARED_SELECTOR = YES;
				GCC_WARN_UNINITIALIZED_AUTOS = YES_AGGRESSIVE;
				GCC_WARN_UNUSED_FUNCTION = YES;
				GCC_WARN_UNUSED_VARIABLE = YES;
				IPHONEOS_DEPLOYMENT_TARGET = 16.4;
				MTL_ENABLE_DEBUG_INFO = NO;
				MTL_FAST_MATH = YES;
				SDKROOT = iphoneos;
				SWIFT_COMPILATION_MODE = wholemodule;
				SWIFT_OPTIMIZATION_LEVEL = "-O";
				VALIDATE_PRODUCT = YES;
			};
			name = Release;
		};
		4FA424202A8E36C100AFC23A /* Debug */ = {
			isa = XCBuildConfiguration;
			buildSettings = {
				ASSETCATALOG_COMPILER_APPICON_NAME = AppIcon;
				ASSETCATALOG_COMPILER_GLOBAL_ACCENT_COLOR_NAME = AccentColor;
				CODE_SIGN_STYLE = Automatic;
				CURRENT_PROJECT_VERSION = 1;
				DEVELOPMENT_ASSET_PATHS = "\"app/Preview Content\"";
				DEVELOPMENT_TEAM = 9WR5QFWF8R;
				ENABLE_PREVIEWS = YES;
				GENERATE_INFOPLIST_FILE = YES;
				INFOPLIST_KEY_UIApplicationSceneManifest_Generation = YES;
				INFOPLIST_KEY_UIApplicationSupportsIndirectInputEvents = YES;
				INFOPLIST_KEY_UILaunchScreen_Generation = YES;
				INFOPLIST_KEY_UISupportedInterfaceOrientations_iPad = "UIInterfaceOrientationPortrait UIInterfaceOrientationPortraitUpsideDown UIInterfaceOrientationLandscapeLeft UIInterfaceOrientationLandscapeRight";
				INFOPLIST_KEY_UISupportedInterfaceOrientations_iPhone = "UIInterfaceOrientationPortrait UIInterfaceOrientationLandscapeLeft UIInterfaceOrientationLandscapeRight";
				LD_RUNPATH_SEARCH_PATHS = (
					"$(inherited)",
					"@executable_path/Frameworks",
				);
				MARKETING_VERSION = 1.0;
				PRODUCT_BUNDLE_IDENTIFIER = contact.oli.mt.app;
				PRODUCT_NAME = "$(TARGET_NAME)";
				SUPPORTED_PLATFORMS = "iphoneos iphonesimulator macosx";
				SUPPORTS_MACCATALYST = NO;
				SUPPORTS_MAC_DESIGNED_FOR_IPHONE_IPAD = NO;
				SWIFT_EMIT_LOC_STRINGS = YES;
				SWIFT_VERSION = 5.0;
				TARGETED_DEVICE_FAMILY = "1,2";
			};
			name = Debug;
		};
		4FA424212A8E36C100AFC23A /* Release */ = {
			isa = XCBuildConfiguration;
			buildSettings = {
				ASSETCATALOG_COMPILER_APPICON_NAME = AppIcon;
				ASSETCATALOG_COMPILER_GLOBAL_ACCENT_COLOR_NAME = AccentColor;
				CODE_SIGN_STYLE = Automatic;
				CURRENT_PROJECT_VERSION = 1;
				DEVELOPMENT_ASSET_PATHS = "\"app/Preview Content\"";
				DEVELOPMENT_TEAM = 9WR5QFWF8R;
				ENABLE_PREVIEWS = YES;
				GENERATE_INFOPLIST_FILE = YES;
				INFOPLIST_KEY_UIApplicationSceneManifest_Generation = YES;
				INFOPLIST_KEY_UIApplicationSupportsIndirectInputEvents = YES;
				INFOPLIST_KEY_UILaunchScreen_Generation = YES;
				INFOPLIST_KEY_UISupportedInterfaceOrientations_iPad = "UIInterfaceOrientationPortrait UIInterfaceOrientationPortraitUpsideDown UIInterfaceOrientationLandscapeLeft UIInterfaceOrientationLandscapeRight";
				INFOPLIST_KEY_UISupportedInterfaceOrientations_iPhone = "UIInterfaceOrientationPortrait UIInterfaceOrientationLandscapeLeft UIInterfaceOrientationLandscapeRight";
				LD_RUNPATH_SEARCH_PATHS = (
					"$(inherited)",
					"@executable_path/Frameworks",
				);
				MARKETING_VERSION = 1.0;
				PRODUCT_BUNDLE_IDENTIFIER = contact.oli.mt.app;
				PRODUCT_NAME = "$(TARGET_NAME)";
				SUPPORTED_PLATFORMS = "iphoneos iphonesimulator macosx";
				SUPPORTS_MACCATALYST = NO;
				SUPPORTS_MAC_DESIGNED_FOR_IPHONE_IPAD = NO;
				SWIFT_EMIT_LOC_STRINGS = YES;
				SWIFT_VERSION = 5.0;
				TARGETED_DEVICE_FAMILY = "1,2";
			};
			name = Release;
		};
/* End XCBuildConfiguration section */

/* Begin XCConfigurationList section */
		4FA4240C2A8E36C000AFC23A /* Build configuration list for PBXProject "app" */ = {
			isa = XCConfigurationList;
			buildConfigurations = (
				4FA4241D2A8E36C100AFC23A /* Debug */,
				4FA4241E2A8E36C100AFC23A /* Release */,
			);
			defaultConfigurationIsVisible = 0;
			defaultConfigurationName = Release;
		};
		4FA4241F2A8E36C100AFC23A /* Build configuration list for PBXNativeTarget "app" */ = {
			isa = XCConfigurationList;
			buildConfigurations = (
				4FA424202A8E36C100AFC23A /* Debug */,
				4FA424212A8E36C100AFC23A /* Release */,
			);
			defaultConfigurationIsVisible = 0;
			defaultConfigurationName = Release;
		};
/* End XCConfigurationList section */

/* Begin XCRemoteSwiftPackageReference section */
		4F3BB1E32A8F560400A6D56F /* XCRemoteSwiftPackageReference "CertificateSigningRequest" */ = {
			isa = XCRemoteSwiftPackageReference;
			repositoryURL = "https://github.com/cbaker6/CertificateSigningRequest.git";
			requirement = {
				kind = upToNextMajorVersion;
				minimumVersion = 1.0.0;
			};
		};
		4F7F7DFB2A9891EA005B06F8 /* XCRemoteSwiftPackageReference "swift-certificates" */ = {
			isa = XCRemoteSwiftPackageReference;
			repositoryURL = "https://github.com/apple/swift-certificates.git";
			requirement = {
				kind = upToNextMajorVersion;
				minimumVersion = 0.6.0;
			};
		};
/* End XCRemoteSwiftPackageReference section */

/* Begin XCSwiftPackageProductDependency section */
		4F3BB1E42A8F560400A6D56F /* CertificateSigningRequest */ = {
			isa = XCSwiftPackageProductDependency;
			package = 4F3BB1E32A8F560400A6D56F /* XCRemoteSwiftPackageReference "CertificateSigningRequest" */;
			productName = CertificateSigningRequest;
		};
		4F7F7DFC2A9891EA005B06F8 /* X509 */ = {
			isa = XCSwiftPackageProductDependency;
			package = 4F7F7DFB2A9891EA005B06F8 /* XCRemoteSwiftPackageReference "swift-certificates" */;
			productName = X509;
		};
/* End XCSwiftPackageProductDependency section */
	};
	rootObject = 4FA424092A8E36C000AFC23A /* Project object */;
}
